
Microsoft Visual Studio Solution File, Format Version 12.00
# Visual Studio 15
VisualStudioVersion = 15.0.26124.0
MinimumVisualStudioVersion = 15.0.26124.0
Project("{9A19103F-16F7-4668-BE54-9A1E7A4F7556}") = "R5T.Copenhagen.Default.Construction", "R5T.Copenhagen.Default.Construction\R5T.Copenhagen.Default.Construction.csproj", "{881488CB-4A8C-44F3-96DA-1721FAEF703F}"
EndProject
Project("{9A19103F-16F7-4668-BE54-9A1E7A4F7556}") = "R5T.Copenhagen.Default", "R5T.Copenhagen.Default\R5T.Copenhagen.Default.csproj", "{23EBEC78-7DA9-4E87-ABC3-3E04756DDBB2}"
EndProject
Project("{9A19103F-16F7-4668-BE54-9A1E7A4F7556}") = "R5T.Copenhagen.Default.Testing", "R5T.Copenhagen.Default.Testing\R5T.Copenhagen.Default.Testing.csproj", "{1144F6FC-D62E-4667-8F0C-0FB45B9CC617}"
EndProject
Project("{9A19103F-16F7-4668-BE54-9A1E7A4F7556}") = "R5T.Copenhagen.Base", "..\..\R5T.Copenhagen.Base\source\R5T.Copenhagen.Base\R5T.Copenhagen.Base.csproj", "{FBD0E1A7-3F60-4FEE-886C-F982EF8E8E0D}"
EndProject
Project("{2150E333-8FDC-42A3-9474-1A3956D46DE8}") = "_Dependencies", "_Dependencies", "{2E17C406-651E-487A-98C2-4497BA029ACA}"
EndProject
Project("{9A19103F-16F7-4668-BE54-9A1E7A4F7556}") = "R5T.Canterbury.Base", "..\..\R5T.Canterbury.Base\source\R5T.Canterbury.Base\R5T.Canterbury.Base.csproj", "{E5C19199-78F3-49C1-83D3-5253B0645241}"
EndProject
Project("{FAE04EC0-301F-11D3-BF4B-00C04F79EFBC}") = "R5T.T0064", "..\..\R5T.T0064\source\R5T.T0064\R5T.T0064.csproj", "{6184B4B3-E7F5-49AA-8692-E33A6D692109}"
EndProject
Global
	GlobalSection(SolutionConfigurationPlatforms) = preSolution
		Debug|Any CPU = Debug|Any CPU
		Debug|x64 = Debug|x64
		Debug|x86 = Debug|x86
		Release|Any CPU = Release|Any CPU
		Release|x64 = Release|x64
		Release|x86 = Release|x86
	EndGlobalSection
	GlobalSection(ProjectConfigurationPlatforms) = postSolution
		{881488CB-4A8C-44F3-96DA-1721FAEF703F}.Debug|Any CPU.ActiveCfg = Debug|Any CPU
		{881488CB-4A8C-44F3-96DA-1721FAEF703F}.Debug|Any CPU.Build.0 = Debug|Any CPU
		{881488CB-4A8C-44F3-96DA-1721FAEF703F}.Debug|x64.ActiveCfg = Debug|Any CPU
		{881488CB-4A8C-44F3-96DA-1721FAEF703F}.Debug|x64.Build.0 = Debug|Any CPU
		{881488CB-4A8C-44F3-96DA-1721FAEF703F}.Debug|x86.ActiveCfg = Debug|Any CPU
		{881488CB-4A8C-44F3-96DA-1721FAEF703F}.Debug|x86.Build.0 = Debug|Any CPU
		{881488CB-4A8C-44F3-96DA-1721FAEF703F}.Release|Any CPU.ActiveCfg = Release|Any CPU
		{881488CB-4A8C-44F3-96DA-1721FAEF703F}.Release|Any CPU.Build.0 = Release|Any CPU
		{881488CB-4A8C-44F3-96DA-1721FAEF703F}.Release|x64.ActiveCfg = Release|Any CPU
		{881488CB-4A8C-44F3-96DA-1721FAEF703F}.Release|x64.Build.0 = Release|Any CPU
		{881488CB-4A8C-44F3-96DA-1721FAEF703F}.Release|x86.ActiveCfg = Release|Any CPU
		{881488CB-4A8C-44F3-96DA-1721FAEF703F}.Release|x86.Build.0 = Release|Any CPU
		{23EBEC78-7DA9-4E87-ABC3-3E04756DDBB2}.Debug|Any CPU.ActiveCfg = Debug|Any CPU
		{23EBEC78-7DA9-4E87-ABC3-3E04756DDBB2}.Debug|Any CPU.Build.0 = Debug|Any CPU
		{23EBEC78-7DA9-4E87-ABC3-3E04756DDBB2}.Debug|x64.ActiveCfg = Debug|Any CPU
		{23EBEC78-7DA9-4E87-ABC3-3E04756DDBB2}.Debug|x64.Build.0 = Debug|Any CPU
		{23EBEC78-7DA9-4E87-ABC3-3E04756DDBB2}.Debug|x86.ActiveCfg = Debug|Any CPU
		{23EBEC78-7DA9-4E87-ABC3-3E04756DDBB2}.Debug|x86.Build.0 = Debug|Any CPU
		{23EBEC78-7DA9-4E87-ABC3-3E04756DDBB2}.Release|Any CPU.ActiveCfg = Release|Any CPU
		{23EBEC78-7DA9-4E87-ABC3-3E04756DDBB2}.Release|Any CPU.Build.0 = Release|Any CPU
		{23EBEC78-7DA9-4E87-ABC3-3E04756DDBB2}.Release|x64.ActiveCfg = Release|Any CPU
		{23EBEC78-7DA9-4E87-ABC3-3E04756DDBB2}.Release|x64.Build.0 = Release|Any CPU
		{23EBEC78-7DA9-4E87-ABC3-3E04756DDBB2}.Release|x86.ActiveCfg = Release|Any CPU
		{23EBEC78-7DA9-4E87-ABC3-3E04756DDBB2}.Release|x86.Build.0 = Release|Any CPU
		{1144F6FC-D62E-4667-8F0C-0FB45B9CC617}.Debug|Any CPU.ActiveCfg = Debug|Any CPU
		{1144F6FC-D62E-4667-8F0C-0FB45B9CC617}.Debug|Any CPU.Build.0 = Debug|Any CPU
		{1144F6FC-D62E-4667-8F0C-0FB45B9CC617}.Debug|x64.ActiveCfg = Debug|Any CPU
		{1144F6FC-D62E-4667-8F0C-0FB45B9CC617}.Debug|x64.Build.0 = Debug|Any CPU
		{1144F6FC-D62E-4667-8F0C-0FB45B9CC617}.Debug|x86.ActiveCfg = Debug|Any CPU
		{1144F6FC-D62E-4667-8F0C-0FB45B9CC617}.Debug|x86.Build.0 = Debug|Any CPU
		{1144F6FC-D62E-4667-8F0C-0FB45B9CC617}.Release|Any CPU.ActiveCfg = Release|Any CPU
		{1144F6FC-D62E-4667-8F0C-0FB45B9CC617}.Release|Any CPU.Build.0 = Release|Any CPU
		{1144F6FC-D62E-4667-8F0C-0FB45B9CC617}.Release|x64.ActiveCfg = Release|Any CPU
		{1144F6FC-D62E-4667-8F0C-0FB45B9CC617}.Release|x64.Build.0 = Release|Any CPU
		{1144F6FC-D62E-4667-8F0C-0FB45B9CC617}.Release|x86.ActiveCfg = Release|Any CPU
		{1144F6FC-D62E-4667-8F0C-0FB45B9CC617}.Release|x86.Build.0 = Release|Any CPU
		{FBD0E1A7-3F60-4FEE-886C-F982EF8E8E0D}.Debug|Any CPU.ActiveCfg = Debug|Any CPU
		{FBD0E1A7-3F60-4FEE-886C-F982EF8E8E0D}.Debug|Any CPU.Build.0 = Debug|Any CPU
		{FBD0E1A7-3F60-4FEE-886C-F982EF8E8E0D}.Debug|x64.ActiveCfg = Debug|Any CPU
		{FBD0E1A7-3F60-4FEE-886C-F982EF8E8E0D}.Debug|x64.Build.0 = Debug|Any CPU
		{FBD0E1A7-3F60-4FEE-886C-F982EF8E8E0D}.Debug|x86.ActiveCfg = Debug|Any CPU
		{FBD0E1A7-3F60-4FEE-886C-F982EF8E8E0D}.Debug|x86.Build.0 = Debug|Any CPU
		{FBD0E1A7-3F60-4FEE-886C-F982EF8E8E0D}.Release|Any CPU.ActiveCfg = Release|Any CPU
		{FBD0E1A7-3F60-4FEE-886C-F982EF8E8E0D}.Release|Any CPU.Build.0 = Release|Any CPU
		{FBD0E1A7-3F60-4FEE-886C-F982EF8E8E0D}.Release|x64.ActiveCfg = Release|Any CPU
		{FBD0E1A7-3F60-4FEE-886C-F982EF8E8E0D}.Release|x64.Build.0 = Release|Any CPU
		{FBD0E1A7-3F60-4FEE-886C-F982EF8E8E0D}.Release|x86.ActiveCfg = Release|Any CPU
		{FBD0E1A7-3F60-4FEE-886C-F982EF8E8E0D}.Release|x86.Build.0 = Release|Any CPU
		{E5C19199-78F3-49C1-83D3-5253B0645241}.Debug|Any CPU.ActiveCfg = Debug|Any CPU
		{E5C19199-78F3-49C1-83D3-5253B0645241}.Debug|Any CPU.Build.0 = Debug|Any CPU
		{E5C19199-78F3-49C1-83D3-5253B0645241}.Debug|x64.ActiveCfg = Debug|Any CPU
		{E5C19199-78F3-49C1-83D3-5253B0645241}.Debug|x64.Build.0 = Debug|Any CPU
		{E5C19199-78F3-49C1-83D3-5253B0645241}.Debug|x86.ActiveCfg = Debug|Any CPU
		{E5C19199-78F3-49C1-83D3-5253B0645241}.Debug|x86.Build.0 = Debug|Any CPU
		{E5C19199-78F3-49C1-83D3-5253B0645241}.Release|Any CPU.ActiveCfg = Release|Any CPU
		{E5C19199-78F3-49C1-83D3-5253B0645241}.Release|Any CPU.Build.0 = Release|Any CPU
		{E5C19199-78F3-49C1-83D3-5253B0645241}.Release|x64.ActiveCfg = Release|Any CPU
		{E5C19199-78F3-49C1-83D3-5253B0645241}.Release|x64.Build.0 = Release|Any CPU
		{E5C19199-78F3-49C1-83D3-5253B0645241}.Release|x86.ActiveCfg = Release|Any CPU
		{E5C19199-78F3-49C1-83D3-5253B0645241}.Release|x86.Build.0 = Release|Any CPU
		{6184B4B3-E7F5-49AA-8692-E33A6D692109}.Debug|Any CPU.ActiveCfg = Debug|Any CPU
		{6184B4B3-E7F5-49AA-8692-E33A6D692109}.Debug|Any CPU.Build.0 = Debug|Any CPU
		{6184B4B3-E7F5-49AA-8692-E33A6D692109}.Debug|x64.ActiveCfg = Debug|Any CPU
		{6184B4B3-E7F5-49AA-8692-E33A6D692109}.Debug|x64.Build.0 = Debug|Any CPU
		{6184B4B3-E7F5-49AA-8692-E33A6D692109}.Debug|x86.ActiveCfg = Debug|Any CPU
		{6184B4B3-E7F5-49AA-8692-E33A6D692109}.Debug|x86.Build.0 = Debug|Any CPU
		{6184B4B3-E7F5-49AA-8692-E33A6D692109}.Release|Any CPU.ActiveCfg = Release|Any CPU
		{6184B4B3-E7F5-49AA-8692-E33A6D692109}.Release|Any CPU.Build.0 = Release|Any CPU
		{6184B4B3-E7F5-49AA-8692-E33A6D692109}.Release|x64.ActiveCfg = Release|Any CPU
		{6184B4B3-E7F5-49AA-8692-E33A6D692109}.Release|x64.Build.0 = Release|Any CPU
		{6184B4B3-E7F5-49AA-8692-E33A6D692109}.Release|x86.ActiveCfg = Release|Any CPU
		{6184B4B3-E7F5-49AA-8692-E33A6D692109}.Release|x86.Build.0 = Release|Any CPU
	EndGlobalSection
	GlobalSection(SolutionProperties) = preSolution
		HideSolutionNode = FALSE
	EndGlobalSection
	GlobalSection(NestedProjects) = preSolution
		{FBD0E1A7-3F60-4FEE-886C-F982EF8E8E0D} = {2E17C406-651E-487A-98C2-4497BA029ACA}
		{E5C19199-78F3-49C1-83D3-5253B0645241} = {2E17C406-651E-487A-98C2-4497BA029ACA}
		{6184B4B3-E7F5-49AA-8692-E33A6D692109} = {2E17C406-651E-487A-98C2-4497BA029ACA}
	EndGlobalSection
	GlobalSection(ExtensibilityGlobals) = postSolution
		SolutionGuid = {44C76E2D-AF2A-4BFA-9F54-BD71AF9A18FA}
	EndGlobalSection
EndGlobal
